// !$*UTF8*$!
{
	archiveVersion = 1;
	classes = {
	};
	objectVersion = 56;
	objects = {

/* Begin PBXBuildFile section */
		5609F75E2A51FF9600277208 /* AppDelegate.swift in Sources */ = {isa = PBXBuildFile; fileRef = 5609F75D2A51FF9600277208 /* AppDelegate.swift */; };
		5609F7602A51FF9600277208 /* SceneDelegate.swift in Sources */ = {isa = PBXBuildFile; fileRef = 5609F75F2A51FF9600277208 /* SceneDelegate.swift */; };
		5609F7622A51FF9600277208 /* MainTabBarViewController.swift in Sources */ = {isa = PBXBuildFile; fileRef = 5609F7612A51FF9600277208 /* MainTabBarViewController.swift */; };
		5609F7672A51FF9800277208 /* Assets.xcassets in Resources */ = {isa = PBXBuildFile; fileRef = 5609F7662A51FF9800277208 /* Assets.xcassets */; };
		5609F76A2A51FF9800277208 /* LaunchScreen.storyboard in Resources */ = {isa = PBXBuildFile; fileRef = 5609F7682A51FF9800277208 /* LaunchScreen.storyboard */; };
		5609F7732A52037E00277208 /* HomeViewController.swift in Sources */ = {isa = PBXBuildFile; fileRef = 5609F7722A52037E00277208 /* HomeViewController.swift */; };
		5609F7752A52038C00277208 /* SearchViewController.swift in Sources */ = {isa = PBXBuildFile; fileRef = 5609F7742A52038C00277208 /* SearchViewController.swift */; };
		5609F7772A5203A000277208 /* UpcomingViewController.swift in Sources */ = {isa = PBXBuildFile; fileRef = 5609F7762A5203A000277208 /* UpcomingViewController.swift */; };
		5609F7792A5203AD00277208 /* DownloadsViewController.swift in Sources */ = {isa = PBXBuildFile; fileRef = 5609F7782A5203AD00277208 /* DownloadsViewController.swift */; };
		5612E1462A5308BF00D25A5B /* CollectionViewTableViewCell.swift in Sources */ = {isa = PBXBuildFile; fileRef = 5612E1452A5308BF00D25A5B /* CollectionViewTableViewCell.swift */; };
		5612E1482A53620200D25A5B /* UserInfoViewController.swift in Sources */ = {isa = PBXBuildFile; fileRef = 5612E1472A53620200D25A5B /* UserInfoViewController.swift */; };
		5612E14A2A53637900D25A5B /* HeroHeadUIView.swift in Sources */ = {isa = PBXBuildFile; fileRef = 5612E1492A53637900D25A5B /* HeroHeadUIView.swift */; };
/* End PBXBuildFile section */

/* Begin PBXFileReference section */
		5609F75A2A51FF9600277208 /* Netflix-Universe.app */ = {isa = PBXFileReference; explicitFileType = wrapper.application; includeInIndex = 0; path = "Netflix-Universe.app"; sourceTree = BUILT_PRODUCTS_DIR; };
		5609F75D2A51FF9600277208 /* AppDelegate.swift */ = {isa = PBXFileReference; lastKnownFileType = sourcecode.swift; path = AppDelegate.swift; sourceTree = "<group>"; };
		5609F75F2A51FF9600277208 /* SceneDelegate.swift */ = {isa = PBXFileReference; lastKnownFileType = sourcecode.swift; path = SceneDelegate.swift; sourceTree = "<group>"; };
		5609F7612A51FF9600277208 /* MainTabBarViewController.swift */ = {isa = PBXFileReference; lastKnownFileType = sourcecode.swift; path = MainTabBarViewController.swift; sourceTree = "<group>"; };
		5609F7662A51FF9800277208 /* Assets.xcassets */ = {isa = PBXFileReference; lastKnownFileType = folder.assetcatalog; path = Assets.xcassets; sourceTree = "<group>"; };
		5609F7692A51FF9800277208 /* Base */ = {isa = PBXFileReference; lastKnownFileType = file.storyboard; name = Base; path = Base.lproj/LaunchScreen.storyboard; sourceTree = "<group>"; };
		5609F76B2A51FF9800277208 /* Info.plist */ = {isa = PBXFileReference; lastKnownFileType = text.plist.xml; path = Info.plist; sourceTree = "<group>"; };
		5609F7722A52037E00277208 /* HomeViewController.swift */ = {isa = PBXFileReference; lastKnownFileType = sourcecode.swift; path = HomeViewController.swift; sourceTree = "<group>"; };
		5609F7742A52038C00277208 /* SearchViewController.swift */ = {isa = PBXFileReference; lastKnownFileType = sourcecode.swift; path = SearchViewController.swift; sourceTree = "<group>"; };
		5609F7762A5203A000277208 /* UpcomingViewController.swift */ = {isa = PBXFileReference; lastKnownFileType = sourcecode.swift; path = UpcomingViewController.swift; sourceTree = "<group>"; };
		5609F7782A5203AD00277208 /* DownloadsViewController.swift */ = {isa = PBXFileReference; lastKnownFileType = sourcecode.swift; path = DownloadsViewController.swift; sourceTree = "<group>"; };
		5612E1452A5308BF00D25A5B /* CollectionViewTableViewCell.swift */ = {isa = PBXFileReference; lastKnownFileType = sourcecode.swift; path = CollectionViewTableViewCell.swift; sourceTree = "<group>"; };
		5612E1472A53620200D25A5B /* UserInfoViewController.swift */ = {isa = PBXFileReference; lastKnownFileType = sourcecode.swift; path = UserInfoViewController.swift; sourceTree = "<group>"; };
		5612E1492A53637900D25A5B /* HeroHeadUIView.swift */ = {isa = PBXFileReference; lastKnownFileType = sourcecode.swift; path = HeroHeadUIView.swift; sourceTree = "<group>"; };
/* End PBXFileReference section */

/* Begin PBXFrameworksBuildPhase section */
		5609F7572A51FF9600277208 /* Frameworks */ = {
			isa = PBXFrameworksBuildPhase;
			buildActionMask = 2147483647;
			files = (
			);
			runOnlyForDeploymentPostprocessing = 0;
		};
/* End PBXFrameworksBuildPhase section */

/* Begin PBXGroup section */
		5609F7512A51FF9600277208 = {
			isa = PBXGroup;
			children = (
				5609F75C2A51FF9600277208 /* Netflix-Universe */,
				5609F75B2A51FF9600277208 /* Products */,
			);
			sourceTree = "<group>";
		};
		5609F75B2A51FF9600277208 /* Products */ = {
			isa = PBXGroup;
			children = (
				5609F75A2A51FF9600277208 /* Netflix-Universe.app */,
			);
			name = Products;
			sourceTree = "<group>";
		};
		5609F75C2A51FF9600277208 /* Netflix-Universe */ = {
			isa = PBXGroup;
			children = (
				5609F77F2A5215DB00277208 /* Managers */,
				5609F77E2A5215D300277208 /* Resources */,
				5609F77D2A52158700277208 /* Views */,
				5609F77C2A52156B00277208 /* Models */,
				5609F77A2A52155100277208 /* ViewModels */,
				5609F75D2A51FF9600277208 /* AppDelegate.swift */,
				5609F75F2A51FF9600277208 /* SceneDelegate.swift */,
				5609F7612A51FF9600277208 /* MainTabBarViewController.swift */,
				5609F7712A52034200277208 /* View Controller */,
				5609F7662A51FF9800277208 /* Assets.xcassets */,
				5609F7682A51FF9800277208 /* LaunchScreen.storyboard */,
				5609F76B2A51FF9800277208 /* Info.plist */,
			);
			path = "Netflix-Universe";
			sourceTree = "<group>";
		};
		5609F7712A52034200277208 /* View Controller */ = {
			isa = PBXGroup;
			children = (
				5609F7722A52037E00277208 /* HomeViewController.swift */,
				5609F7742A52038C00277208 /* SearchViewController.swift */,
				5609F7762A5203A000277208 /* UpcomingViewController.swift */,
				5609F7782A5203AD00277208 /* DownloadsViewController.swift */,
				5612E1472A53620200D25A5B /* UserInfoViewController.swift */,
			);
			path = "View Controller";
			sourceTree = "<group>";
		};
		5609F77A2A52155100277208 /* ViewModels */ = {
			isa = PBXGroup;
			children = (
			);
			path = ViewModels;
			sourceTree = "<group>";
		};
		5609F77C2A52156B00277208 /* Models */ = {
			isa = PBXGroup;
			children = (
			);
			path = Models;
			sourceTree = "<group>";
		};
		5609F77D2A52158700277208 /* Views */ = {
			isa = PBXGroup;
			children = (
				5612E1452A5308BF00D25A5B /* CollectionViewTableViewCell.swift */,
				5612E1492A53637900D25A5B /* HeroHeadUIView.swift */,
			);
			path = Views;
			sourceTree = "<group>";
		};
		5609F77E2A5215D300277208 /* Resources */ = {
			isa = PBXGroup;
			children = (
			);
			path = Resources;
			sourceTree = "<group>";
		};
		5609F77F2A5215DB00277208 /* Managers */ = {
			isa = PBXGroup;
			children = (
			);
			path = Managers;
			sourceTree = "<group>";
		};
/* End PBXGroup section */

/* Begin PBXNativeTarget section */
		5609F7592A51FF9600277208 /* Netflix-Universe */ = {
			isa = PBXNativeTarget;
			buildConfigurationList = 5609F76E2A51FF9800277208 /* Build configuration list for PBXNativeTarget "Netflix-Universe" */;
			buildPhases = (
				5609F7562A51FF9600277208 /* Sources */,
				5609F7572A51FF9600277208 /* Frameworks */,
				5609F7582A51FF9600277208 /* Resources */,
			);
			buildRules = (
			);
			dependencies = (
			);
			name = "Netflix-Universe";
			productName = "Netflix-Universe";
			productReference = 5609F75A2A51FF9600277208 /* Netflix-Universe.app */;
			productType = "com.apple.product-type.application";
		};
/* End PBXNativeTarget section */

/* Begin PBXProject section */
		5609F7522A51FF9600277208 /* Project object */ = {
			isa = PBXProject;
			attributes = {
				BuildIndependentTargetsInParallel = 1;
				LastSwiftUpdateCheck = 1430;
				LastUpgradeCheck = 1430;
				TargetAttributes = {
					5609F7592A51FF9600277208 = {
						CreatedOnToolsVersion = 14.3;
					};
				};
			};
			buildConfigurationList = 5609F7552A51FF9600277208 /* Build configuration list for PBXProject "Netflix-Universe" */;
			compatibilityVersion = "Xcode 14.0";
			developmentRegion = en;
			hasScannedForEncodings = 0;
			knownRegions = (
				en,
				Base,
			);
			mainGroup = 5609F7512A51FF9600277208;
			productRefGroup = 5609F75B2A51FF9600277208 /* Products */;
			projectDirPath = "";
			projectRoot = "";
			targets = (
				5609F7592A51FF9600277208 /* Netflix-Universe */,
			);
		};
/* End PBXProject section */

/* Begin PBXResourcesBuildPhase section */
		5609F7582A51FF9600277208 /* Resources */ = {
			isa = PBXResourcesBuildPhase;
			buildActionMask = 2147483647;
			files = (
				5609F76A2A51FF9800277208 /* LaunchScreen.storyboard in Resources */,
				5609F7672A51FF9800277208 /* Assets.xcassets in Resources */,
			);
			runOnlyForDeploymentPostprocessing = 0;
		};
/* End PBXResourcesBuildPhase section */

/* Begin PBXSourcesBuildPhase section */
		5609F7562A51FF9600277208 /* Sources */ = {
			isa = PBXSourcesBuildPhase;
			buildActionMask = 2147483647;
			files = (
				5609F7772A5203A000277208 /* UpcomingViewController.swift in Sources */,
				5609F7752A52038C00277208 /* SearchViewController.swift in Sources */,
				5612E14A2A53637900D25A5B /* HeroHeadUIView.swift in Sources */,
				5612E1462A5308BF00D25A5B /* CollectionViewTableViewCell.swift in Sources */,
				5609F7622A51FF9600277208 /* MainTabBarViewController.swift in Sources */,
				5612E1482A53620200D25A5B /* UserInfoViewController.swift in Sources */,
				5609F7792A5203AD00277208 /* DownloadsViewController.swift in Sources */,
				5609F75E2A51FF9600277208 /* AppDelegate.swift in Sources */,
				5609F7602A51FF9600277208 /* SceneDelegate.swift in Sources */,
				5609F7732A52037E00277208 /* HomeViewController.swift in Sources */,
			);
			runOnlyForDeploymentPostprocessing = 0;
		};
/* End PBXSourcesBuildPhase section */

/* Begin PBXVariantGroup section */
		5609F7682A51FF9800277208 /* LaunchScreen.storyboard */ = {
			isa = PBXVariantGroup;
			children = (
				5609F7692A51FF9800277208 /* Base */,
			);
			name = LaunchScreen.storyboard;
			sourceTree = "<group>";
		};
/* End PBXVariantGroup section */

/* Begin XCBuildConfiguration section */
		5609F76C2A51FF9800277208 /* Debug */ = {
			isa = XCBuildConfiguration;
			buildSettings = {
				ALWAYS_SEARCH_USER_PATHS = NO;
				CLANG_ANALYZER_NONNULL = YES;
				CLANG_ANALYZER_NUMBER_OBJECT_CONVERSION = YES_AGGRESSIVE;
				CLANG_CXX_LANGUAGE_STANDARD = "gnu++20";
				CLANG_ENABLE_MODULES = YES;
				CLANG_ENABLE_OBJC_ARC = YES;
				CLANG_ENABLE_OBJC_WEAK = YES;
				CLANG_WARN_BLOCK_CAPTURE_AUTORELEASING = YES;
				CLANG_WARN_BOOL_CONVERSION = YES;
				CLANG_WARN_COMMA = YES;
				CLANG_WARN_CONSTANT_CONVERSION = YES;
				CLANG_WARN_DEPRECATED_OBJC_IMPLEMENTATIONS = YES;
				CLANG_WARN_DIRECT_OBJC_ISA_USAGE = YES_ERROR;
				CLANG_WARN_DOCUMENTATION_COMMENTS = YES;
				CLANG_WARN_EMPTY_BODY = YES;
				CLANG_WARN_ENUM_CONVERSION = YES;
				CLANG_WARN_INFINITE_RECURSION = YES;
				CLANG_WARN_INT_CONVERSION = YES;
				CLANG_WARN_NON_LITERAL_NULL_CONVERSION = YES;
				CLANG_WARN_OBJC_IMPLICIT_RETAIN_SELF = YES;
				CLANG_WARN_OBJC_LITERAL_CONVERSION = YES;
				CLANG_WARN_OBJC_ROOT_CLASS = YES_ERROR;
				CLANG_WARN_QUOTED_INCLUDE_IN_FRAMEWORK_HEADER = YES;
				CLANG_WARN_RANGE_LOOP_ANALYSIS = YES;
				CLANG_WARN_STRICT_PROTOTYPES = YES;
				CLANG_WARN_SUSPICIOUS_MOVE = YES;
				CLANG_WARN_UNGUARDED_AVAILABILITY = YES_AGGRESSIVE;
				CLANG_WARN_UNREACHABLE_CODE = YES;
				CLANG_WARN__DUPLICATE_METHOD_MATCH = YES;
				COPY_PHASE_STRIP = NO;
				DEBUG_INFORMATION_FORMAT = dwarf;
				ENABLE_STRICT_OBJC_MSGSEND = YES;
				ENABLE_TESTABILITY = YES;
				GCC_C_LANGUAGE_STANDARD = gnu11;
				GCC_DYNAMIC_NO_PIC = NO;
				GCC_NO_COMMON_BLOCKS = YES;
				GCC_OPTIMIZATION_LEVEL = 0;
				GCC_PREPROCESSOR_DEFINITIONS = (
					"DEBUG=1",
					"$(inherited)",
				);
				GCC_WARN_64_TO_32_BIT_CONVERSION = YES;
				GCC_WARN_ABOUT_RETURN_TYPE = YES_ERROR;
				GCC_WARN_UNDECLARED_SELECTOR = YES;
				GCC_WARN_UNINITIALIZED_AUTOS = YES_AGGRESSIVE;
				GCC_WARN_UNUSED_FUNCTION = YES;
				GCC_WARN_UNUSED_VARIABLE = YES;
				IPHONEOS_DEPLOYMENT_TARGET = 16.4;
				MTL_ENABLE_DEBUG_INFO = INCLUDE_SOURCE;
				MTL_FAST_MATH = YES;
				ONLY_ACTIVE_ARCH = YES;
				SDKROOT = iphoneos;
				SWIFT_ACTIVE_COMPILATION_CONDITIONS = DEBUG;
				SWIFT_OPTIMIZATION_LEVEL = "-Onone";
			};
			name = Debug;
		};
		5609F76D2A51FF9800277208 /* Release */ = {
			isa = XCBuildConfiguration;
			buildSettings = {
				ALWAYS_SEARCH_USER_PATHS = NO;
				CLANG_ANALYZER_NONNULL = YES;
				CLANG_ANALYZER_NUMBER_OBJECT_CONVERSION = YES_AGGRESSIVE;
				CLANG_CXX_LANGUAGE_STANDARD = "gnu++20";
				CLANG_ENABLE_MODULES = YES;
				CLANG_ENABLE_OBJC_ARC = YES;
				CLANG_ENABLE_OBJC_WEAK = YES;
				CLANG_WARN_BLOCK_CAPTURE_AUTORELEASING = YES;
				CLANG_WARN_BOOL_CONVERSION = YES;
				CLANG_WARN_COMMA = YES;
				CLANG_WARN_CONSTANT_CONVERSION = YES;
				CLANG_WARN_DEPRECATED_OBJC_IMPLEMENTATIONS = YES;
				CLANG_WARN_DIRECT_OBJC_ISA_USAGE = YES_ERROR;
				CLANG_WARN_DOCUMENTATION_COMMENTS = YES;
				CLANG_WARN_EMPTY_BODY = YES;
				CLANG_WARN_ENUM_CONVERSION = YES;
				CLANG_WARN_INFINITE_RECURSION = YES;
				CLANG_WARN_INT_CONVERSION = YES;
				CLANG_WARN_NON_LITERAL_NULL_CONVERSION = YES;
				CLANG_WARN_OBJC_IMPLICIT_RETAIN_SELF = YES;
				CLANG_WARN_OBJC_LITERAL_CONVERSION = YES;
				CLANG_WARN_OBJC_ROOT_CLASS = YES_ERROR;
				CLANG_WARN_QUOTED_INCLUDE_IN_FRAMEWORK_HEADER = YES;
				CLANG_WARN_RANGE_LOOP_ANALYSIS = YES;
				CLANG_WARN_STRICT_PROTOTYPES = YES;
				CLANG_WARN_SUSPICIOUS_MOVE = YES;
				CLANG_WARN_UNGUARDED_AVAILABILITY = YES_AGGRESSIVE;
				CLANG_WARN_UNREACHABLE_CODE = YES;
				CLANG_WARN__DUPLICATE_METHOD_MATCH = YES;
				COPY_PHASE_STRIP = NO;
				DEBUG_INFORMATION_FORMAT = "dwarf-with-dsym";
				ENABLE_NS_ASSERTIONS = NO;
				ENABLE_STRICT_OBJC_MSGSEND = YES;
				GCC_C_LANGUAGE_STANDARD = gnu11;
				GCC_NO_COMMON_BLOCKS = YES;
				GCC_WARN_64_TO_32_BIT_CONVERSION = YES;
				GCC_WARN_ABOUT_RETURN_TYPE = YES_ERROR;
				GCC_WARN_UNDECLARED_SELECTOR = YES;
				GCC_WARN_UNINITIALIZED_AUTOS = YES_AGGRESSIVE;
				GCC_WARN_UNUSED_FUNCTION = YES;
				GCC_WARN_UNUSED_VARIABLE = YES;
				IPHONEOS_DEPLOYMENT_TARGET = 16.4;
				MTL_ENABLE_DEBUG_INFO = NO;
				MTL_FAST_MATH = YES;
				SDKROOT = iphoneos;
				SWIFT_COMPILATION_MODE = wholemodule;
				SWIFT_OPTIMIZATION_LEVEL = "-O";
				VALIDATE_PRODUCT = YES;
			};
			name = Release;
		};
		5609F76F2A51FF9800277208 /* Debug */ = {
			isa = XCBuildConfiguration;
			buildSettings = {
				ASSETCATALOG_COMPILER_APPICON_NAME = AppIcon;
				ASSETCATALOG_COMPILER_GLOBAL_ACCENT_COLOR_NAME = AccentColor;
				CODE_SIGN_STYLE = Automatic;
				CURRENT_PROJECT_VERSION = 1;
				GENERATE_INFOPLIST_FILE = YES;
				INFOPLIST_FILE = "Netflix-Universe/Info.plist";
				INFOPLIST_KEY_UIApplicationSupportsIndirectInputEvents = YES;
				INFOPLIST_KEY_UILaunchStoryboardName = LaunchScreen;
				INFOPLIST_KEY_UIMainStoryboardFile = "";
				INFOPLIST_KEY_UISupportedInterfaceOrientations_iPad = "UIInterfaceOrientationPortrait UIInterfaceOrientationPortraitUpsideDown UIInterfaceOrientationLandscapeLeft UIInterfaceOrientationLandscapeRight";
				INFOPLIST_KEY_UISupportedInterfaceOrientations_iPhone = "UIInterfaceOrientationPortrait UIInterfaceOrientationLandscapeLeft UIInterfaceOrientationLandscapeRight";
				LD_RUNPATH_SEARCH_PATHS = (
					"$(inherited)",
					"@executable_path/Frameworks",
				);
				MARKETING_VERSION = 1.0;
				PRODUCT_BUNDLE_IDENTIFIER = "personal.com.Netflix-Universe";
				PRODUCT_NAME = "$(TARGET_NAME)";
				SWIFT_EMIT_LOC_STRINGS = YES;
				SWIFT_VERSION = 5.0;
				TARGETED_DEVICE_FAMILY = "1,2";
			};
			name = Debug;
		};
		5609F7702A51FF9800277208 /* Release */ = {
			isa = XCBuildConfiguration;
			buildSettings = {
				ASSETCATALOG_COMPILER_APPICON_NAME = AppIcon;
				ASSETCATALOG_COMPILER_GLOBAL_ACCENT_COLOR_NAME = AccentColor;
				CODE_SIGN_STYLE = Automatic;
				CURRENT_PROJECT_VERSION = 1;
				GENERATE_INFOPLIST_FILE = YES;
				INFOPLIST_FILE = "Netflix-Universe/Info.plist";
				INFOPLIST_KEY_UIApplicationSupportsIndirectInputEvents = YES;
				INFOPLIST_KEY_UILaunchStoryboardName = LaunchScreen;
				INFOPLIST_KEY_UIMainStoryboardFile = "";
				INFOPLIST_KEY_UISupportedInterfaceOrientations_iPad = "UIInterfaceOrientationPortrait UIInterfaceOrientationPortraitUpsideDown UIInterfaceOrientationLandscapeLeft UIInterfaceOrientationLandscapeRight";
				INFOPLIST_KEY_UISupportedInterfaceOrientations_iPhone = "UIInterfaceOrientationPortrait UIInterfaceOrientationLandscapeLeft UIInterfaceOrientationLandscapeRight";
				LD_RUNPATH_SEARCH_PATHS = (
					"$(inherited)",
					"@executable_path/Frameworks",
				);
				MARKETING_VERSION = 1.0;
				PRODUCT_BUNDLE_IDENTIFIER = "personal.com.Netflix-Universe";
				PRODUCT_NAME = "$(TARGET_NAME)";
				SWIFT_EMIT_LOC_STRINGS = YES;
				SWIFT_VERSION = 5.0;
				TARGETED_DEVICE_FAMILY = "1,2";
			};
			name = Release;
		};
/* End XCBuildConfiguration section */

/* Begin XCConfigurationList section */
		5609F7552A51FF9600277208 /* Build configuration list for PBXProject "Netflix-Universe" */ = {
			isa = XCConfigurationList;
			buildConfigurations = (
				5609F76C2A51FF9800277208 /* Debug */,
				5609F76D2A51FF9800277208 /* Release */,
			);
			defaultConfigurationIsVisible = 0;
			defaultConfigurationName = Release;
		};
		5609F76E2A51FF9800277208 /* Build configuration list for PBXNativeTarget "Netflix-Universe" */ = {
			isa = XCConfigurationList;
			buildConfigurations = (
				5609F76F2A51FF9800277208 /* Debug */,
				5609F7702A51FF9800277208 /* Release */,
			);
			defaultConfigurationIsVisible = 0;
			defaultConfigurationName = Release;
		};
/* End XCConfigurationList section */
	};
	rootObject = 5609F7522A51FF9600277208 /* Project object */;
}
