// !$*UTF8*$!
{
	archiveVersion = 1;
	classes = {
	};
	objectVersion = 56;
	objects = {

/* Begin PBXBuildFile section */
		561DED832AA8B81100E78521 /* MovieDetails.swift in Sources */ = {isa = PBXBuildFile; fileRef = 561DED812AA8B81100E78521 /* MovieDetails.swift */; };
		561DED842AA8B81100E78521 /* SearchResponse.swift in Sources */ = {isa = PBXBuildFile; fileRef = 561DED822AA8B81100E78521 /* SearchResponse.swift */; };
		561DED902AA8B82700E78521 /* SearchResultsViewController.swift in Sources */ = {isa = PBXBuildFile; fileRef = 561DED872AA8B82700E78521 /* SearchResultsViewController.swift */; };
		561DED912AA8B82700E78521 /* MoviePreviewController.swift in Sources */ = {isa = PBXBuildFile; fileRef = 561DED882AA8B82700E78521 /* MoviePreviewController.swift */; };
		561DED922AA8B82700E78521 /* SearchViewController.swift in Sources */ = {isa = PBXBuildFile; fileRef = 561DED8B2AA8B82700E78521 /* SearchViewController.swift */; };
		561DED932AA8B82700E78521 /* UpComingViewController.swift in Sources */ = {isa = PBXBuildFile; fileRef = 561DED8C2AA8B82700E78521 /* UpComingViewController.swift */; };
		561DED942AA8B82700E78521 /* HomeViewController.swift in Sources */ = {isa = PBXBuildFile; fileRef = 561DED8D2AA8B82700E78521 /* HomeViewController.swift */; };
		561DED952AA8B82700E78521 /* MainTabBarViewController.swift in Sources */ = {isa = PBXBuildFile; fileRef = 561DED8E2AA8B82700E78521 /* MainTabBarViewController.swift */; };
		561DED962AA8B82700E78521 /* WatchLaterViewController.swift in Sources */ = {isa = PBXBuildFile; fileRef = 561DED8F2AA8B82700E78521 /* WatchLaterViewController.swift */; };
		561DEDA52AA8B9EC00E78521 /* MovieTileCollectionViewCell.swift in Sources */ = {isa = PBXBuildFile; fileRef = 561DEDA12AA8B9EC00E78521 /* MovieTileCollectionViewCell.swift */; };
		561DEDA62AA8B9EC00E78521 /* CollectionView.swift in Sources */ = {isa = PBXBuildFile; fileRef = 561DEDA22AA8B9EC00E78521 /* CollectionView.swift */; };
		561DEDA72AA8B9EC00E78521 /* TopHeaderView.swift in Sources */ = {isa = PBXBuildFile; fileRef = 561DEDA32AA8B9EC00E78521 /* TopHeaderView.swift */; };
		561DEDA82AA8B9EC00E78521 /* MovieTableViewCell.swift in Sources */ = {isa = PBXBuildFile; fileRef = 561DEDA42AA8B9EC00E78521 /* MovieTableViewCell.swift */; };
		5680DAB32A78343F005B49E0 /* AppDelegate.swift in Sources */ = {isa = PBXBuildFile; fileRef = 5680DAB22A78343F005B49E0 /* AppDelegate.swift */; };
		5680DAB52A78343F005B49E0 /* SceneDelegate.swift in Sources */ = {isa = PBXBuildFile; fileRef = 5680DAB42A78343F005B49E0 /* SceneDelegate.swift */; };
		5680DABC2A783440005B49E0 /* Assets.xcassets in Resources */ = {isa = PBXBuildFile; fileRef = 5680DABB2A783440005B49E0 /* Assets.xcassets */; };
		5680DABF2A783440005B49E0 /* LaunchScreen.storyboard in Resources */ = {isa = PBXBuildFile; fileRef = 5680DABD2A783440005B49E0 /* LaunchScreen.storyboard */; };
		5680DAD92A7836A1005B49E0 /* RequestHandler.swift in Sources */ = {isa = PBXBuildFile; fileRef = 5680DAD82A7836A1005B49E0 /* RequestHandler.swift */; };
		5680DAE12A7836D7005B49E0 /* ShowPreviewModel.swift in Sources */ = {isa = PBXBuildFile; fileRef = 5680DAE02A7836D7005B49E0 /* ShowPreviewModel.swift */; };
		56A3B2942A7AD9B800CF3E3C /* MovieViewModel.swift in Sources */ = {isa = PBXBuildFile; fileRef = 56A3B2932A7AD9B800CF3E3C /* MovieViewModel.swift */; };
/* End PBXBuildFile section */

/* Begin PBXFileReference section */
		561DED812AA8B81100E78521 /* MovieDetails.swift */ = {isa = PBXFileReference; fileEncoding = 4; lastKnownFileType = sourcecode.swift; path = MovieDetails.swift; sourceTree = "<group>"; };
		561DED822AA8B81100E78521 /* SearchResponse.swift */ = {isa = PBXFileReference; fileEncoding = 4; lastKnownFileType = sourcecode.swift; path = SearchResponse.swift; sourceTree = "<group>"; };
		561DED872AA8B82700E78521 /* SearchResultsViewController.swift */ = {isa = PBXFileReference; fileEncoding = 4; lastKnownFileType = sourcecode.swift; path = SearchResultsViewController.swift; sourceTree = "<group>"; };
		561DED882AA8B82700E78521 /* MoviePreviewController.swift */ = {isa = PBXFileReference; fileEncoding = 4; lastKnownFileType = sourcecode.swift; path = MoviePreviewController.swift; sourceTree = "<group>"; };
		561DED8B2AA8B82700E78521 /* SearchViewController.swift */ = {isa = PBXFileReference; fileEncoding = 4; lastKnownFileType = sourcecode.swift; path = SearchViewController.swift; sourceTree = "<group>"; };
		561DED8C2AA8B82700E78521 /* UpComingViewController.swift */ = {isa = PBXFileReference; fileEncoding = 4; lastKnownFileType = sourcecode.swift; path = UpComingViewController.swift; sourceTree = "<group>"; };
		561DED8D2AA8B82700E78521 /* HomeViewController.swift */ = {isa = PBXFileReference; fileEncoding = 4; lastKnownFileType = sourcecode.swift; path = HomeViewController.swift; sourceTree = "<group>"; };
		561DED8E2AA8B82700E78521 /* MainTabBarViewController.swift */ = {isa = PBXFileReference; fileEncoding = 4; lastKnownFileType = sourcecode.swift; path = MainTabBarViewController.swift; sourceTree = "<group>"; };
		561DED8F2AA8B82700E78521 /* WatchLaterViewController.swift */ = {isa = PBXFileReference; fileEncoding = 4; lastKnownFileType = sourcecode.swift; path = WatchLaterViewController.swift; sourceTree = "<group>"; };
		561DEDA12AA8B9EC00E78521 /* MovieTileCollectionViewCell.swift */ = {isa = PBXFileReference; fileEncoding = 4; lastKnownFileType = sourcecode.swift; path = MovieTileCollectionViewCell.swift; sourceTree = "<group>"; };
		561DEDA22AA8B9EC00E78521 /* CollectionView.swift */ = {isa = PBXFileReference; fileEncoding = 4; lastKnownFileType = sourcecode.swift; path = CollectionView.swift; sourceTree = "<group>"; };
		561DEDA32AA8B9EC00E78521 /* TopHeaderView.swift */ = {isa = PBXFileReference; fileEncoding = 4; lastKnownFileType = sourcecode.swift; path = TopHeaderView.swift; sourceTree = "<group>"; };
		561DEDA42AA8B9EC00E78521 /* MovieTableViewCell.swift */ = {isa = PBXFileReference; fileEncoding = 4; lastKnownFileType = sourcecode.swift; path = MovieTableViewCell.swift; sourceTree = "<group>"; };
		5680DAAF2A78343F005B49E0 /* Trailer-Zone.app */ = {isa = PBXFileReference; explicitFileType = wrapper.application; includeInIndex = 0; path = "Trailer-Zone.app"; sourceTree = BUILT_PRODUCTS_DIR; };
		5680DAB22A78343F005B49E0 /* AppDelegate.swift */ = {isa = PBXFileReference; lastKnownFileType = sourcecode.swift; path = AppDelegate.swift; sourceTree = "<group>"; };
		5680DAB42A78343F005B49E0 /* SceneDelegate.swift */ = {isa = PBXFileReference; lastKnownFileType = sourcecode.swift; path = SceneDelegate.swift; sourceTree = "<group>"; };
		5680DABB2A783440005B49E0 /* Assets.xcassets */ = {isa = PBXFileReference; lastKnownFileType = folder.assetcatalog; path = Assets.xcassets; sourceTree = "<group>"; };
		5680DABE2A783440005B49E0 /* Base */ = {isa = PBXFileReference; lastKnownFileType = file.storyboard; name = Base; path = Base.lproj/LaunchScreen.storyboard; sourceTree = "<group>"; };
		5680DAC02A783440005B49E0 /* Info.plist */ = {isa = PBXFileReference; lastKnownFileType = text.plist.xml; path = Info.plist; sourceTree = "<group>"; };
		5680DAD82A7836A1005B49E0 /* RequestHandler.swift */ = {isa = PBXFileReference; fileEncoding = 4; lastKnownFileType = sourcecode.swift; path = RequestHandler.swift; sourceTree = "<group>"; };
		5680DAE02A7836D7005B49E0 /* ShowPreviewModel.swift */ = {isa = PBXFileReference; fileEncoding = 4; lastKnownFileType = sourcecode.swift; path = ShowPreviewModel.swift; sourceTree = "<group>"; };
		56A3B2932A7AD9B800CF3E3C /* MovieViewModel.swift */ = {isa = PBXFileReference; lastKnownFileType = sourcecode.swift; path = MovieViewModel.swift; sourceTree = "<group>"; };
/* End PBXFileReference section */

/* Begin PBXFrameworksBuildPhase section */
		5680DAAC2A78343F005B49E0 /* Frameworks */ = {
			isa = PBXFrameworksBuildPhase;
			buildActionMask = 2147483647;
			files = (
			);
			runOnlyForDeploymentPostprocessing = 0;
		};
/* End PBXFrameworksBuildPhase section */

/* Begin PBXGroup section */
		561DED802AA8B81100E78521 /* Models */ = {
			isa = PBXGroup;
			children = (
				561DED812AA8B81100E78521 /* MovieDetails.swift */,
				561DED822AA8B81100E78521 /* SearchResponse.swift */,
			);
			name = Models;
			path = "Trailer-Zone/Models";
			sourceTree = SOURCE_ROOT;
		};
		561DED852AA8B82700E78521 /* Controllers */ = {
			isa = PBXGroup;
			children = (
				561DED862AA8B82700E78521 /* SecondaryViewControllers */,
				561DED8A2AA8B82700E78521 /* PrimaryViewControllers */,
			);
			path = Controllers;
			sourceTree = "<group>";
		};
		561DED862AA8B82700E78521 /* SecondaryViewControllers */ = {
			isa = PBXGroup;
			children = (
				561DED872AA8B82700E78521 /* SearchResultsViewController.swift */,
				561DED882AA8B82700E78521 /* MoviePreviewController.swift */,
				561DED892AA8B82700E78521 /* New Group */,
			);
			path = SecondaryViewControllers;
			sourceTree = "<group>";
		};
		561DED892AA8B82700E78521 /* New Group */ = {
			isa = PBXGroup;
			children = (
			);
			path = "New Group";
			sourceTree = "<group>";
		};
		561DED8A2AA8B82700E78521 /* PrimaryViewControllers */ = {
			isa = PBXGroup;
			children = (
				561DED8B2AA8B82700E78521 /* SearchViewController.swift */,
				561DED8C2AA8B82700E78521 /* UpComingViewController.swift */,
				561DED8D2AA8B82700E78521 /* HomeViewController.swift */,
				561DED8E2AA8B82700E78521 /* MainTabBarViewController.swift */,
				561DED8F2AA8B82700E78521 /* WatchLaterViewController.swift */,
			);
			path = PrimaryViewControllers;
			sourceTree = "<group>";
		};
		561DEDA02AA8B9EC00E78521 /* Views */ = {
			isa = PBXGroup;
			children = (
				561DEDA12AA8B9EC00E78521 /* MovieTileCollectionViewCell.swift */,
				561DEDA22AA8B9EC00E78521 /* CollectionView.swift */,
				561DEDA32AA8B9EC00E78521 /* TopHeaderView.swift */,
				561DEDA42AA8B9EC00E78521 /* MovieTableViewCell.swift */,
			);
			name = Views;
			path = "../../../Github-Task/Promoflix/Promoflix/Views";
			sourceTree = "<group>";
		};
		5680DAA62A78343F005B49E0 = {
			isa = PBXGroup;
			children = (
				5680DAB12A78343F005B49E0 /* Trailer-Zone */,
				5680DAB02A78343F005B49E0 /* Products */,
			);
			sourceTree = "<group>";
		};
		5680DAB02A78343F005B49E0 /* Products */ = {
			isa = PBXGroup;
			children = (
				5680DAAF2A78343F005B49E0 /* Trailer-Zone.app */,
			);
			name = Products;
			sourceTree = "<group>";
		};
		5680DAB12A78343F005B49E0 /* Trailer-Zone */ = {
			isa = PBXGroup;
			children = (
				561DEDA02AA8B9EC00E78521 /* Views */,
				561DED852AA8B82700E78521 /* Controllers */,
				561DED802AA8B81100E78521 /* Models */,
				5680DAE92A783E26005B49E0 /* Resources */,
				5680DADF2A7836D7005B49E0 /* ViewModel */,
				5680DAD72A7836A1005B49E0 /* Managers */,
				5680DABB2A783440005B49E0 /* Assets.xcassets */,
				5680DABD2A783440005B49E0 /* LaunchScreen.storyboard */,
				5680DAC02A783440005B49E0 /* Info.plist */,
			);
			path = "Trailer-Zone";
			sourceTree = "<group>";
		};
		5680DAD72A7836A1005B49E0 /* Managers */ = {
			isa = PBXGroup;
			children = (
				5680DAD82A7836A1005B49E0 /* RequestHandler.swift */,
			);
			path = Managers;
			sourceTree = "<group>";
		};
		5680DADF2A7836D7005B49E0 /* ViewModel */ = {
			isa = PBXGroup;
			children = (
				5680DAE02A7836D7005B49E0 /* ShowPreviewModel.swift */,
				56A3B2932A7AD9B800CF3E3C /* MovieViewModel.swift */,
			);
			path = ViewModel;
			sourceTree = "<group>";
		};
		5680DAE92A783E26005B49E0 /* Resources */ = {
			isa = PBXGroup;
			children = (
				5680DAB22A78343F005B49E0 /* AppDelegate.swift */,
				5680DAB42A78343F005B49E0 /* SceneDelegate.swift */,
			);
			path = Resources;
			sourceTree = "<group>";
		};
/* End PBXGroup section */

/* Begin PBXNativeTarget section */
		5680DAAE2A78343F005B49E0 /* Trailer-Zone */ = {
			isa = PBXNativeTarget;
			buildConfigurationList = 5680DAC32A783440005B49E0 /* Build configuration list for PBXNativeTarget "Trailer-Zone" */;
			buildPhases = (
				5680DAAB2A78343F005B49E0 /* Sources */,
				5680DAAC2A78343F005B49E0 /* Frameworks */,
				5680DAAD2A78343F005B49E0 /* Resources */,
			);
			buildRules = (
			);
			dependencies = (
			);
			name = "Trailer-Zone";
			productName = "Trailer-Zone";
			productReference = 5680DAAF2A78343F005B49E0 /* Trailer-Zone.app */;
			productType = "com.apple.product-type.application";
		};
/* End PBXNativeTarget section */

/* Begin PBXProject section */
		5680DAA72A78343F005B49E0 /* Project object */ = {
			isa = PBXProject;
			attributes = {
				BuildIndependentTargetsInParallel = 1;
				LastSwiftUpdateCheck = 1430;
				LastUpgradeCheck = 1430;
				TargetAttributes = {
					5680DAAE2A78343F005B49E0 = {
						CreatedOnToolsVersion = 14.3;
					};
				};
			};
			buildConfigurationList = 5680DAAA2A78343F005B49E0 /* Build configuration list for PBXProject "Trailer-Zone" */;
			compatibilityVersion = "Xcode 14.0";
			developmentRegion = en;
			hasScannedForEncodings = 0;
			knownRegions = (
				en,
				Base,
			);
			mainGroup = 5680DAA62A78343F005B49E0;
			productRefGroup = 5680DAB02A78343F005B49E0 /* Products */;
			projectDirPath = "";
			projectRoot = "";
			targets = (
				5680DAAE2A78343F005B49E0 /* Trailer-Zone */,
			);
		};
/* End PBXProject section */

/* Begin PBXResourcesBuildPhase section */
		5680DAAD2A78343F005B49E0 /* Resources */ = {
			isa = PBXResourcesBuildPhase;
			buildActionMask = 2147483647;
			files = (
				5680DABF2A783440005B49E0 /* LaunchScreen.storyboard in Resources */,
				5680DABC2A783440005B49E0 /* Assets.xcassets in Resources */,
			);
			runOnlyForDeploymentPostprocessing = 0;
		};
/* End PBXResourcesBuildPhase section */

/* Begin PBXSourcesBuildPhase section */
		5680DAAB2A78343F005B49E0 /* Sources */ = {
			isa = PBXSourcesBuildPhase;
			buildActionMask = 2147483647;
			files = (
				561DED922AA8B82700E78521 /* SearchViewController.swift in Sources */,
				561DED932AA8B82700E78521 /* UpComingViewController.swift in Sources */,
				561DEDA52AA8B9EC00E78521 /* MovieTileCollectionViewCell.swift in Sources */,
				561DED842AA8B81100E78521 /* SearchResponse.swift in Sources */,
				561DED912AA8B82700E78521 /* MoviePreviewController.swift in Sources */,
				561DEDA62AA8B9EC00E78521 /* CollectionView.swift in Sources */,
				561DED902AA8B82700E78521 /* SearchResultsViewController.swift in Sources */,
				5680DAD92A7836A1005B49E0 /* RequestHandler.swift in Sources */,
				561DEDA72AA8B9EC00E78521 /* TopHeaderView.swift in Sources */,
				5680DAE12A7836D7005B49E0 /* ShowPreviewModel.swift in Sources */,
				561DED952AA8B82700E78521 /* MainTabBarViewController.swift in Sources */,
				5680DAB32A78343F005B49E0 /* AppDelegate.swift in Sources */,
				5680DAB52A78343F005B49E0 /* SceneDelegate.swift in Sources */,
				56A3B2942A7AD9B800CF3E3C /* MovieViewModel.swift in Sources */,
				561DED962AA8B82700E78521 /* WatchLaterViewController.swift in Sources */,
				561DED832AA8B81100E78521 /* MovieDetails.swift in Sources */,
				561DEDA82AA8B9EC00E78521 /* MovieTableViewCell.swift in Sources */,
				561DED942AA8B82700E78521 /* HomeViewController.swift in Sources */,
			);
			runOnlyForDeploymentPostprocessing = 0;
		};
/* End PBXSourcesBuildPhase section */

/* Begin PBXVariantGroup section */
		5680DABD2A783440005B49E0 /* LaunchScreen.storyboard */ = {
			isa = PBXVariantGroup;
			children = (
				5680DABE2A783440005B49E0 /* Base */,
			);
			name = LaunchScreen.storyboard;
			sourceTree = "<group>";
		};
/* End PBXVariantGroup section */

/* Begin XCBuildConfiguration section */
		5680DAC12A783440005B49E0 /* Debug */ = {
			isa = XCBuildConfiguration;
			buildSettings = {
				ALWAYS_SEARCH_USER_PATHS = NO;
				CLANG_ANALYZER_NONNULL = YES;
				CLANG_ANALYZER_NUMBER_OBJECT_CONVERSION = YES_AGGRESSIVE;
				CLANG_CXX_LANGUAGE_STANDARD = "gnu++20";
				CLANG_ENABLE_MODULES = YES;
				CLANG_ENABLE_OBJC_ARC = YES;
				CLANG_ENABLE_OBJC_WEAK = YES;
				CLANG_WARN_BLOCK_CAPTURE_AUTORELEASING = YES;
				CLANG_WARN_BOOL_CONVERSION = YES;
				CLANG_WARN_COMMA = YES;
				CLANG_WARN_CONSTANT_CONVERSION = YES;
				CLANG_WARN_DEPRECATED_OBJC_IMPLEMENTATIONS = YES;
				CLANG_WARN_DIRECT_OBJC_ISA_USAGE = YES_ERROR;
				CLANG_WARN_DOCUMENTATION_COMMENTS = YES;
				CLANG_WARN_EMPTY_BODY = YES;
				CLANG_WARN_ENUM_CONVERSION = YES;
				CLANG_WARN_INFINITE_RECURSION = YES;
				CLANG_WARN_INT_CONVERSION = YES;
				CLANG_WARN_NON_LITERAL_NULL_CONVERSION = YES;
				CLANG_WARN_OBJC_IMPLICIT_RETAIN_SELF = YES;
				CLANG_WARN_OBJC_LITERAL_CONVERSION = YES;
				CLANG_WARN_OBJC_ROOT_CLASS = YES_ERROR;
				CLANG_WARN_QUOTED_INCLUDE_IN_FRAMEWORK_HEADER = YES;
				CLANG_WARN_RANGE_LOOP_ANALYSIS = YES;
				CLANG_WARN_STRICT_PROTOTYPES = YES;
				CLANG_WARN_SUSPICIOUS_MOVE = YES;
				CLANG_WARN_UNGUARDED_AVAILABILITY = YES_AGGRESSIVE;
				CLANG_WARN_UNREACHABLE_CODE = YES;
				CLANG_WARN__DUPLICATE_METHOD_MATCH = YES;
				COPY_PHASE_STRIP = NO;
				DEBUG_INFORMATION_FORMAT = dwarf;
				ENABLE_STRICT_OBJC_MSGSEND = YES;
				ENABLE_TESTABILITY = YES;
				GCC_C_LANGUAGE_STANDARD = gnu11;
				GCC_DYNAMIC_NO_PIC = NO;
				GCC_NO_COMMON_BLOCKS = YES;
				GCC_OPTIMIZATION_LEVEL = 0;
				GCC_PREPROCESSOR_DEFINITIONS = (
					"DEBUG=1",
					"$(inherited)",
				);
				GCC_WARN_64_TO_32_BIT_CONVERSION = YES;
				GCC_WARN_ABOUT_RETURN_TYPE = YES_ERROR;
				GCC_WARN_UNDECLARED_SELECTOR = YES;
				GCC_WARN_UNINITIALIZED_AUTOS = YES_AGGRESSIVE;
				GCC_WARN_UNUSED_FUNCTION = YES;
				GCC_WARN_UNUSED_VARIABLE = YES;
				IPHONEOS_DEPLOYMENT_TARGET = 16.4;
				MTL_ENABLE_DEBUG_INFO = INCLUDE_SOURCE;
				MTL_FAST_MATH = YES;
				ONLY_ACTIVE_ARCH = YES;
				SDKROOT = iphoneos;
				SWIFT_ACTIVE_COMPILATION_CONDITIONS = DEBUG;
				SWIFT_OPTIMIZATION_LEVEL = "-Onone";
			};
			name = Debug;
		};
		5680DAC22A783440005B49E0 /* Release */ = {
			isa = XCBuildConfiguration;
			buildSettings = {
				ALWAYS_SEARCH_USER_PATHS = NO;
				CLANG_ANALYZER_NONNULL = YES;
				CLANG_ANALYZER_NUMBER_OBJECT_CONVERSION = YES_AGGRESSIVE;
				CLANG_CXX_LANGUAGE_STANDARD = "gnu++20";
				CLANG_ENABLE_MODULES = YES;
				CLANG_ENABLE_OBJC_ARC = YES;
				CLANG_ENABLE_OBJC_WEAK = YES;
				CLANG_WARN_BLOCK_CAPTURE_AUTORELEASING = YES;
				CLANG_WARN_BOOL_CONVERSION = YES;
				CLANG_WARN_COMMA = YES;
				CLANG_WARN_CONSTANT_CONVERSION = YES;
				CLANG_WARN_DEPRECATED_OBJC_IMPLEMENTATIONS = YES;
				CLANG_WARN_DIRECT_OBJC_ISA_USAGE = YES_ERROR;
				CLANG_WARN_DOCUMENTATION_COMMENTS = YES;
				CLANG_WARN_EMPTY_BODY = YES;
				CLANG_WARN_ENUM_CONVERSION = YES;
				CLANG_WARN_INFINITE_RECURSION = YES;
				CLANG_WARN_INT_CONVERSION = YES;
				CLANG_WARN_NON_LITERAL_NULL_CONVERSION = YES;
				CLANG_WARN_OBJC_IMPLICIT_RETAIN_SELF = YES;
				CLANG_WARN_OBJC_LITERAL_CONVERSION = YES;
				CLANG_WARN_OBJC_ROOT_CLASS = YES_ERROR;
				CLANG_WARN_QUOTED_INCLUDE_IN_FRAMEWORK_HEADER = YES;
				CLANG_WARN_RANGE_LOOP_ANALYSIS = YES;
				CLANG_WARN_STRICT_PROTOTYPES = YES;
				CLANG_WARN_SUSPICIOUS_MOVE = YES;
				CLANG_WARN_UNGUARDED_AVAILABILITY = YES_AGGRESSIVE;
				CLANG_WARN_UNREACHABLE_CODE = YES;
				CLANG_WARN__DUPLICATE_METHOD_MATCH = YES;
				COPY_PHASE_STRIP = NO;
				DEBUG_INFORMATION_FORMAT = "dwarf-with-dsym";
				ENABLE_NS_ASSERTIONS = NO;
				ENABLE_STRICT_OBJC_MSGSEND = YES;
				GCC_C_LANGUAGE_STANDARD = gnu11;
				GCC_NO_COMMON_BLOCKS = YES;
				GCC_WARN_64_TO_32_BIT_CONVERSION = YES;
				GCC_WARN_ABOUT_RETURN_TYPE = YES_ERROR;
				GCC_WARN_UNDECLARED_SELECTOR = YES;
				GCC_WARN_UNINITIALIZED_AUTOS = YES_AGGRESSIVE;
				GCC_WARN_UNUSED_FUNCTION = YES;
				GCC_WARN_UNUSED_VARIABLE = YES;
				IPHONEOS_DEPLOYMENT_TARGET = 16.4;
				MTL_ENABLE_DEBUG_INFO = NO;
				MTL_FAST_MATH = YES;
				SDKROOT = iphoneos;
				SWIFT_COMPILATION_MODE = wholemodule;
				SWIFT_OPTIMIZATION_LEVEL = "-O";
				VALIDATE_PRODUCT = YES;
			};
			name = Release;
		};
		5680DAC42A783440005B49E0 /* Debug */ = {
			isa = XCBuildConfiguration;
			buildSettings = {
				ASSETCATALOG_COMPILER_APPICON_NAME = AppIcon;
				ASSETCATALOG_COMPILER_GLOBAL_ACCENT_COLOR_NAME = AccentColor;
				CODE_SIGN_STYLE = Automatic;
				CURRENT_PROJECT_VERSION = 1;
				DEVELOPMENT_TEAM = 5Q2HHBPLAA;
				GENERATE_INFOPLIST_FILE = YES;
				INFOPLIST_FILE = "Trailer-Zone/Info.plist";
				INFOPLIST_KEY_UIApplicationSupportsIndirectInputEvents = YES;
				INFOPLIST_KEY_UILaunchStoryboardName = LaunchScreen;
				INFOPLIST_KEY_UIMainStoryboardFile = "";
				INFOPLIST_KEY_UISupportedInterfaceOrientations_iPad = "UIInterfaceOrientationPortrait UIInterfaceOrientationPortraitUpsideDown UIInterfaceOrientationLandscapeLeft UIInterfaceOrientationLandscapeRight";
				INFOPLIST_KEY_UISupportedInterfaceOrientations_iPhone = "UIInterfaceOrientationPortrait UIInterfaceOrientationLandscapeLeft UIInterfaceOrientationLandscapeRight";
				LD_RUNPATH_SEARCH_PATHS = (
					"$(inherited)",
					"@executable_path/Frameworks",
				);
				MARKETING_VERSION = 1.0;
				PRODUCT_BUNDLE_IDENTIFIER = "personal.com.Trailer-Zone";
				PRODUCT_NAME = "$(TARGET_NAME)";
				SWIFT_EMIT_LOC_STRINGS = YES;
				SWIFT_VERSION = 5.0;
				TARGETED_DEVICE_FAMILY = "1,2";
			};
			name = Debug;
		};
		5680DAC52A783440005B49E0 /* Release */ = {
			isa = XCBuildConfiguration;
			buildSettings = {
				ASSETCATALOG_COMPILER_APPICON_NAME = AppIcon;
				ASSETCATALOG_COMPILER_GLOBAL_ACCENT_COLOR_NAME = AccentColor;
				CODE_SIGN_STYLE = Automatic;
				CURRENT_PROJECT_VERSION = 1;
				DEVELOPMENT_TEAM = 5Q2HHBPLAA;
				GENERATE_INFOPLIST_FILE = YES;
				INFOPLIST_FILE = "Trailer-Zone/Info.plist";
				INFOPLIST_KEY_UIApplicationSupportsIndirectInputEvents = YES;
				INFOPLIST_KEY_UILaunchStoryboardName = LaunchScreen;
				INFOPLIST_KEY_UIMainStoryboardFile = "";
				INFOPLIST_KEY_UISupportedInterfaceOrientations_iPad = "UIInterfaceOrientationPortrait UIInterfaceOrientationPortraitUpsideDown UIInterfaceOrientationLandscapeLeft UIInterfaceOrientationLandscapeRight";
				INFOPLIST_KEY_UISupportedInterfaceOrientations_iPhone = "UIInterfaceOrientationPortrait UIInterfaceOrientationLandscapeLeft UIInterfaceOrientationLandscapeRight";
				LD_RUNPATH_SEARCH_PATHS = (
					"$(inherited)",
					"@executable_path/Frameworks",
				);
				MARKETING_VERSION = 1.0;
				PRODUCT_BUNDLE_IDENTIFIER = "personal.com.Trailer-Zone";
				PRODUCT_NAME = "$(TARGET_NAME)";
				SWIFT_EMIT_LOC_STRINGS = YES;
				SWIFT_VERSION = 5.0;
				TARGETED_DEVICE_FAMILY = "1,2";
			};
			name = Release;
		};
/* End XCBuildConfiguration section */

/* Begin XCConfigurationList section */
		5680DAAA2A78343F005B49E0 /* Build configuration list for PBXProject "Trailer-Zone" */ = {
			isa = XCConfigurationList;
			buildConfigurations = (
				5680DAC12A783440005B49E0 /* Debug */,
				5680DAC22A783440005B49E0 /* Release */,
			);
			defaultConfigurationIsVisible = 0;
			defaultConfigurationName = Release;
		};
		5680DAC32A783440005B49E0 /* Build configuration list for PBXNativeTarget "Trailer-Zone" */ = {
			isa = XCConfigurationList;
			buildConfigurations = (
				5680DAC42A783440005B49E0 /* Debug */,
				5680DAC52A783440005B49E0 /* Release */,
			);
			defaultConfigurationIsVisible = 0;
			defaultConfigurationName = Release;
		};
/* End XCConfigurationList section */
	};
	rootObject = 5680DAA72A78343F005B49E0 /* Project object */;
}
